
Microsoft Visual Studio Solution File, Format Version 12.00
# Visual Studio Version 17
VisualStudioVersion = 17.9.34622.214
MinimumVisualStudioVersion = 10.0.40219.1
Project("{888888A0-9F3D-457C-B088-3A5042F75D52}") = "alternative.py", "alternative.py\alternative.py.pyproj", "{07D4CDE5-8498-44E0-8CF7-15529A01BA9F}"
EndProject
Global
	GlobalSection(SolutionConfigurationPlatforms) = preSolution
		Debug|Any CPU = Debug|Any CPU
		Release|Any CPU = Release|Any CPU
	EndGlobalSection
	GlobalSection(ProjectConfigurationPlatforms) = postSolution
		{07D4CDE5-8498-44E0-8CF7-15529A01BA9F}.Debug|Any CPU.ActiveCfg = Debug|Any CPU
		{07D4CDE5-8498-44E0-8CF7-15529A01BA9F}.Release|Any CPU.ActiveCfg = Release|Any CPU
	EndGlobalSection
	GlobalSection(SolutionProperties) = preSolution
		HideSolutionNode = FALSE
	EndGlobalSection
	GlobalSection(ExtensibilityGlobals) = postSolution
		SolutionGuid = {B21AE2BF-709E-4925-BA52-BA578758392B}
	EndGlobalSection
EndGlobal
