
Microsoft Visual Studio Solution File, Format Version 12.00
# Visual Studio Version 17
VisualStudioVersion = 17.9.34622.214
MinimumVisualStudioVersion = 10.0.40219.1
Project("{888888A0-9F3D-457C-B088-3A5042F75D52}") = "numbers.py", "numbers.py\numbers.py.pyproj", "{38A5DF77-767C-442E-920F-EFE0381203D1}"
EndProject
Global
	GlobalSection(SolutionConfigurationPlatforms) = preSolution
		Debug|Any CPU = Debug|Any CPU
		Release|Any CPU = Release|Any CPU
	EndGlobalSection
	GlobalSection(ProjectConfigurationPlatforms) = postSolution
		{38A5DF77-767C-442E-920F-EFE0381203D1}.Debug|Any CPU.ActiveCfg = Debug|Any CPU
		{38A5DF77-767C-442E-920F-EFE0381203D1}.Release|Any CPU.ActiveCfg = Release|Any CPU
	EndGlobalSection
	GlobalSection(SolutionProperties) = preSolution
		HideSolutionNode = FALSE
	EndGlobalSection
	GlobalSection(ExtensibilityGlobals) = postSolution
		SolutionGuid = {02E1159B-8E9E-407A-B376-FCE53B68E0EA}
	EndGlobalSection
EndGlobal
