
Microsoft Visual Studio Solution File, Format Version 12.00
# Visual Studio Version 17
VisualStudioVersion = 17.9.34622.214
MinimumVisualStudioVersion = 10.0.40219.1
Project("{888888A0-9F3D-457C-B088-3A5042F75D52}") = "full_name", "full_name.pyproj", "{6F588362-4E3D-46D8-A24D-564EEF0B91F3}"
EndProject
Global
	GlobalSection(SolutionConfigurationPlatforms) = preSolution
		Debug|Any CPU = Debug|Any CPU
		Release|Any CPU = Release|Any CPU
	EndGlobalSection
	GlobalSection(ProjectConfigurationPlatforms) = postSolution
		{6F588362-4E3D-46D8-A24D-564EEF0B91F3}.Debug|Any CPU.ActiveCfg = Debug|Any CPU
		{6F588362-4E3D-46D8-A24D-564EEF0B91F3}.Release|Any CPU.ActiveCfg = Release|Any CPU
	EndGlobalSection
	GlobalSection(SolutionProperties) = preSolution
		HideSolutionNode = FALSE
	EndGlobalSection
	GlobalSection(ExtensibilityGlobals) = postSolution
		SolutionGuid = {D321B93C-2C45-4052-89CA-854082C4A8B3}
	EndGlobalSection
EndGlobal
