
Microsoft Visual Studio Solution File, Format Version 12.00
# Visual Studio Version 17
VisualStudioVersion = 17.9.34622.214
MinimumVisualStudioVersion = 10.0.40219.1
Project("{888888A0-9F3D-457C-B088-3A5042F75D52}") = "calc_app.py", "calc_app.py\calc_app.py.pyproj", "{2BA100F0-D376-43E4-88C7-B687C471A90B}"
EndProject
Global
	GlobalSection(SolutionConfigurationPlatforms) = preSolution
		Debug|Any CPU = Debug|Any CPU
		Release|Any CPU = Release|Any CPU
	EndGlobalSection
	GlobalSection(ProjectConfigurationPlatforms) = postSolution
		{2BA100F0-D376-43E4-88C7-B687C471A90B}.Debug|Any CPU.ActiveCfg = Debug|Any CPU
		{2BA100F0-D376-43E4-88C7-B687C471A90B}.Release|Any CPU.ActiveCfg = Release|Any CPU
	EndGlobalSection
	GlobalSection(SolutionProperties) = preSolution
		HideSolutionNode = FALSE
	EndGlobalSection
	GlobalSection(ExtensibilityGlobals) = postSolution
		SolutionGuid = {5768B647-6FD9-4BA2-BA2B-82E55D3D25F3}
	EndGlobalSection
EndGlobal
