
Microsoft Visual Studio Solution File, Format Version 12.00
# Visual Studio Version 17
VisualStudioVersion = 17.10.34928.147
MinimumVisualStudioVersion = 10.0.40219.1
Project("{888888A0-9F3D-457C-B088-3A5042F75D52}") = "method_override", "method_override\method_override.pyproj", "{49A71967-8E0B-4DF8-B425-A71EAC1FE7B2}"
EndProject
Global
	GlobalSection(SolutionConfigurationPlatforms) = preSolution
		Debug|Any CPU = Debug|Any CPU
		Release|Any CPU = Release|Any CPU
	EndGlobalSection
	GlobalSection(ProjectConfigurationPlatforms) = postSolution
		{49A71967-8E0B-4DF8-B425-A71EAC1FE7B2}.Debug|Any CPU.ActiveCfg = Debug|Any CPU
		{49A71967-8E0B-4DF8-B425-A71EAC1FE7B2}.Release|Any CPU.ActiveCfg = Release|Any CPU
	EndGlobalSection
	GlobalSection(SolutionProperties) = preSolution
		HideSolutionNode = FALSE
	EndGlobalSection
	GlobalSection(ExtensibilityGlobals) = postSolution
		SolutionGuid = {93AF05A3-1FAF-4316-AEE0-06106F6B83AF}
	EndGlobalSection
EndGlobal
