
Microsoft Visual Studio Solution File, Format Version 12.00
# Visual Studio Version 17
VisualStudioVersion = 17.9.34622.214
MinimumVisualStudioVersion = 10.0.40219.1
Project("{888888A0-9F3D-457C-B088-3A5042F75D52}") = "student_register", "student_register\student_register.pyproj", "{9C1844DA-F374-4EF8-A27D-DED0E09123F6}"
EndProject
Global
	GlobalSection(SolutionConfigurationPlatforms) = preSolution
		Debug|Any CPU = Debug|Any CPU
		Release|Any CPU = Release|Any CPU
	EndGlobalSection
	GlobalSection(ProjectConfigurationPlatforms) = postSolution
		{9C1844DA-F374-4EF8-A27D-DED0E09123F6}.Debug|Any CPU.ActiveCfg = Debug|Any CPU
		{9C1844DA-F374-4EF8-A27D-DED0E09123F6}.Release|Any CPU.ActiveCfg = Release|Any CPU
	EndGlobalSection
	GlobalSection(SolutionProperties) = preSolution
		HideSolutionNode = FALSE
	EndGlobalSection
	GlobalSection(ExtensibilityGlobals) = postSolution
		SolutionGuid = {5CCB310B-51FA-4212-8C07-8C53C6D247EE}
	EndGlobalSection
EndGlobal
