
Microsoft Visual Studio Solution File, Format Version 12.00
# Visual Studio Version 17
VisualStudioVersion = 17.9.34622.214
MinimumVisualStudioVersion = 10.0.40219.1
Project("{888888A0-9F3D-457C-B088-3A5042F75D52}") = "details", "details\details.pyproj", "{5D42E630-E373-44CD-B704-EFA6B8BFD2A5}"
EndProject
Global
	GlobalSection(SolutionConfigurationPlatforms) = preSolution
		Debug|Any CPU = Debug|Any CPU
		Release|Any CPU = Release|Any CPU
	EndGlobalSection
	GlobalSection(ProjectConfigurationPlatforms) = postSolution
		{5D42E630-E373-44CD-B704-EFA6B8BFD2A5}.Debug|Any CPU.ActiveCfg = Debug|Any CPU
		{5D42E630-E373-44CD-B704-EFA6B8BFD2A5}.Release|Any CPU.ActiveCfg = Release|Any CPU
	EndGlobalSection
	GlobalSection(SolutionProperties) = preSolution
		HideSolutionNode = FALSE
	EndGlobalSection
	GlobalSection(ExtensibilityGlobals) = postSolution
		SolutionGuid = {2EE2334F-6EB3-41C3-8806-DB6215645ED6}
	EndGlobalSection
EndGlobal
