
Microsoft Visual Studio Solution File, Format Version 12.00
# Visual Studio Version 17
VisualStudioVersion = 17.9.34622.214
MinimumVisualStudioVersion = 10.0.40219.1
Project("{888888A0-9F3D-457C-B088-3A5042F75D52}") = "largest_number", "largest_number.pyproj", "{3386D15D-4423-4BEB-A16B-2D3BCE434B07}"
EndProject
Global
	GlobalSection(SolutionConfigurationPlatforms) = preSolution
		Debug|Any CPU = Debug|Any CPU
		Release|Any CPU = Release|Any CPU
	EndGlobalSection
	GlobalSection(ProjectConfigurationPlatforms) = postSolution
		{3386D15D-4423-4BEB-A16B-2D3BCE434B07}.Debug|Any CPU.ActiveCfg = Debug|Any CPU
		{3386D15D-4423-4BEB-A16B-2D3BCE434B07}.Release|Any CPU.ActiveCfg = Release|Any CPU
	EndGlobalSection
	GlobalSection(SolutionProperties) = preSolution
		HideSolutionNode = FALSE
	EndGlobalSection
	GlobalSection(ExtensibilityGlobals) = postSolution
		SolutionGuid = {01C6AC9E-F2EE-4ECA-889D-343EA0C902A9}
	EndGlobalSection
EndGlobal
