
Microsoft Visual Studio Solution File, Format Version 12.00
# Visual Studio Version 17
VisualStudioVersion = 17.9.34622.214
MinimumVisualStudioVersion = 10.0.40219.1
Project("{888888A0-9F3D-457C-B088-3A5042F75D52}") = "errors.py", "errors.py\errors.py.pyproj", "{C791F094-805A-4677-A4B2-2B9E74681DC6}"
EndProject
Global
	GlobalSection(SolutionConfigurationPlatforms) = preSolution
		Debug|Any CPU = Debug|Any CPU
		Release|Any CPU = Release|Any CPU
	EndGlobalSection
	GlobalSection(ProjectConfigurationPlatforms) = postSolution
		{C791F094-805A-4677-A4B2-2B9E74681DC6}.Debug|Any CPU.ActiveCfg = Debug|Any CPU
		{C791F094-805A-4677-A4B2-2B9E74681DC6}.Release|Any CPU.ActiveCfg = Release|Any CPU
	EndGlobalSection
	GlobalSection(SolutionProperties) = preSolution
		HideSolutionNode = FALSE
	EndGlobalSection
	GlobalSection(ExtensibilityGlobals) = postSolution
		SolutionGuid = {63E4BA4F-D3CE-4121-99A9-5867A78DF655}
	EndGlobalSection
EndGlobal
