
Microsoft Visual Studio Solution File, Format Version 12.00
# Visual Studio Version 17
VisualStudioVersion = 17.9.34622.214
MinimumVisualStudioVersion = 10.0.40219.1
Project("{888888A0-9F3D-457C-B088-3A5042F75D52}") = "hello_world", "hello_world\hello_world.pyproj", "{91DAB9EE-7DE0-4A9A-BA0C-4304118393D1}"
EndProject
Global
	GlobalSection(SolutionConfigurationPlatforms) = preSolution
		Debug|Any CPU = Debug|Any CPU
		Release|Any CPU = Release|Any CPU
	EndGlobalSection
	GlobalSection(ProjectConfigurationPlatforms) = postSolution
		{91DAB9EE-7DE0-4A9A-BA0C-4304118393D1}.Debug|Any CPU.ActiveCfg = Debug|Any CPU
		{91DAB9EE-7DE0-4A9A-BA0C-4304118393D1}.Release|Any CPU.ActiveCfg = Release|Any CPU
	EndGlobalSection
	GlobalSection(SolutionProperties) = preSolution
		HideSolutionNode = FALSE
	EndGlobalSection
	GlobalSection(ExtensibilityGlobals) = postSolution
		SolutionGuid = {6335DB88-CC2F-4464-83D7-A26A126034D5}
	EndGlobalSection
EndGlobal
